# This file is automatically @generated by Poetry 1.4.0 and should not be changed by hand.

[[package]]
name = "lgpio"
version = "0.0.0.2"
description = "Linux SBC GPIO module"
category = "main"
optional = false
python-versions = "*"
files = [
    {file = "lgpio-0.0.0.2-py3-none-any.whl", hash = "sha256:5f2d6a7324b96f867a44eceb03b14d314758b2dfe6e5882a46a3a9074048b8c2"},
    {file = "lgpio-0.0.0.2.tar.gz", hash = "sha256:93d16ddaa5b999b938d982822091f1c0fd61a27ea026c0d3ecf8ae053e8bf8d6"},
]

[metadata]
lock-version = "2.0"
python-versions = "^3.10"
content-hash = "b31995fb8adeae3b2b843fcfb022dac66a267e3d8524b1657b7d96a1b224ec96"
